// !$*UTF8*$!
{
	archiveVersion = 1;
	classes = {
	};
	objectVersion = 56;
	objects = {

/* Begin PBXBuildFile section */
		6A78E4BF2AAA83B600D78D52 /* TodoListView.swift in Sources */ = {isa = PBXBuildFile; fileRef = 6A78E4BE2AAA83B600D78D52 /* TodoListView.swift */; };
		6A78E4C12AAA85BD00D78D52 /* CategoryListView.swift in Sources */ = {isa = PBXBuildFile; fileRef = 6A78E4C02AAA85BD00D78D52 /* CategoryListView.swift */; };
		6A78E4C32AAA8F6F00D78D52 /* AddCategory.swift in Sources */ = {isa = PBXBuildFile; fileRef = 6A78E4C22AAA8F6F00D78D52 /* AddCategory.swift */; };
		6A78E4C52AAA972D00D78D52 /* AddTodoView.swift in Sources */ = {isa = PBXBuildFile; fileRef = 6A78E4C42AAA972D00D78D52 /* AddTodoView.swift */; };
		6A80AEC82AAA81FA00E27D19 /* Category.swift in Sources */ = {isa = PBXBuildFile; fileRef = 6A80AEC72AAA81FA00E27D19 /* Category.swift */; };
		6ACA9CC12AA15B3C002A7D03 /* App03_TodoListApp.swift in Sources */ = {isa = PBXBuildFile; fileRef = 6ACA9CC02AA15B3C002A7D03 /* App03_TodoListApp.swift */; };
		6ACA9CC32AA15B3C002A7D03 /* ContentView.swift in Sources */ = {isa = PBXBuildFile; fileRef = 6ACA9CC22AA15B3C002A7D03 /* ContentView.swift */; };
		6ACA9CC52AA15B3C002A7D03 /* Item.swift in Sources */ = {isa = PBXBuildFile; fileRef = 6ACA9CC42AA15B3C002A7D03 /* Item.swift */; };
		6ACA9CC72AA15B40002A7D03 /* Assets.xcassets in Resources */ = {isa = PBXBuildFile; fileRef = 6ACA9CC62AA15B40002A7D03 /* Assets.xcassets */; };
		6ACA9CCA2AA15B40002A7D03 /* Preview Assets.xcassets in Resources */ = {isa = PBXBuildFile; fileRef = 6ACA9CC92AA15B40002A7D03 /* Preview Assets.xcassets */; };
		6ACA9CD12AA15FD3002A7D03 /* Todo.swift in Sources */ = {isa = PBXBuildFile; fileRef = 6ACA9CD02AA15FD3002A7D03 /* Todo.swift */; };
		6ACA9CD32AA1635E002A7D03 /* TodoDetailView.swift in Sources */ = {isa = PBXBuildFile; fileRef = 6ACA9CD22AA1635D002A7D03 /* TodoDetailView.swift */; };
/* End PBXBuildFile section */

/* Begin PBXFileReference section */
		6A78E4BE2AAA83B600D78D52 /* TodoListView.swift */ = {isa = PBXFileReference; lastKnownFileType = sourcecode.swift; path = TodoListView.swift; sourceTree = "<group>"; };
		6A78E4C02AAA85BD00D78D52 /* CategoryListView.swift */ = {isa = PBXFileReference; lastKnownFileType = sourcecode.swift; path = CategoryListView.swift; sourceTree = "<group>"; };
		6A78E4C22AAA8F6F00D78D52 /* AddCategory.swift */ = {isa = PBXFileReference; lastKnownFileType = sourcecode.swift; path = AddCategory.swift; sourceTree = "<group>"; };
		6A78E4C42AAA972D00D78D52 /* AddTodoView.swift */ = {isa = PBXFileReference; lastKnownFileType = sourcecode.swift; path = AddTodoView.swift; sourceTree = "<group>"; };
		6A80AEC72AAA81FA00E27D19 /* Category.swift */ = {isa = PBXFileReference; lastKnownFileType = sourcecode.swift; path = Category.swift; sourceTree = "<group>"; };
		6ACA9CBD2AA15B3C002A7D03 /* App03-TodoList.app */ = {isa = PBXFileReference; explicitFileType = wrapper.application; includeInIndex = 0; path = "App03-TodoList.app"; sourceTree = BUILT_PRODUCTS_DIR; };
		6ACA9CC02AA15B3C002A7D03 /* App03_TodoListApp.swift */ = {isa = PBXFileReference; lastKnownFileType = sourcecode.swift; path = App03_TodoListApp.swift; sourceTree = "<group>"; };
		6ACA9CC22AA15B3C002A7D03 /* ContentView.swift */ = {isa = PBXFileReference; lastKnownFileType = sourcecode.swift; path = ContentView.swift; sourceTree = "<group>"; };
		6ACA9CC42AA15B3C002A7D03 /* Item.swift */ = {isa = PBXFileReference; lastKnownFileType = sourcecode.swift; path = Item.swift; sourceTree = "<group>"; };
		6ACA9CC62AA15B40002A7D03 /* Assets.xcassets */ = {isa = PBXFileReference; lastKnownFileType = folder.assetcatalog; path = Assets.xcassets; sourceTree = "<group>"; };
		6ACA9CC92AA15B40002A7D03 /* Preview Assets.xcassets */ = {isa = PBXFileReference; lastKnownFileType = folder.assetcatalog; path = "Preview Assets.xcassets"; sourceTree = "<group>"; };
		6ACA9CD02AA15FD3002A7D03 /* Todo.swift */ = {isa = PBXFileReference; lastKnownFileType = sourcecode.swift; name = Todo.swift; path = ../Todo.swift; sourceTree = "<group>"; };
		6ACA9CD22AA1635D002A7D03 /* TodoDetailView.swift */ = {isa = PBXFileReference; lastKnownFileType = sourcecode.swift; path = TodoDetailView.swift; sourceTree = "<group>"; };
/* End PBXFileReference section */

/* Begin PBXFrameworksBuildPhase section */
		6ACA9CBA2AA15B3C002A7D03 /* Frameworks */ = {
			isa = PBXFrameworksBuildPhase;
			buildActionMask = 2147483647;
			files = (
			);
			runOnlyForDeploymentPostprocessing = 0;
		};
/* End PBXFrameworksBuildPhase section */

/* Begin PBXGroup section */
		6A80AEC42AAA81CA00E27D19 /* Model */ = {
			isa = PBXGroup;
			children = (
				6ACA9CD02AA15FD3002A7D03 /* Todo.swift */,
				6A80AEC72AAA81FA00E27D19 /* Category.swift */,
			);
			path = Model;
			sourceTree = "<group>";
		};
		6ACA9CB42AA15B3B002A7D03 = {
			isa = PBXGroup;
			children = (
				6ACA9CBF2AA15B3C002A7D03 /* App03-TodoList */,
				6ACA9CBE2AA15B3C002A7D03 /* Products */,
			);
			sourceTree = "<group>";
		};
		6ACA9CBE2AA15B3C002A7D03 /* Products */ = {
			isa = PBXGroup;
			children = (
				6ACA9CBD2AA15B3C002A7D03 /* App03-TodoList.app */,
			);
			name = Products;
			sourceTree = "<group>";
		};
		6ACA9CBF2AA15B3C002A7D03 /* App03-TodoList */ = {
			isa = PBXGroup;
			children = (
				6A80AEC42AAA81CA00E27D19 /* Model */,
				6ACA9CC02AA15B3C002A7D03 /* App03_TodoListApp.swift */,
				6ACA9CC22AA15B3C002A7D03 /* ContentView.swift */,
				6A78E4C02AAA85BD00D78D52 /* CategoryListView.swift */,
				6A78E4BE2AAA83B600D78D52 /* TodoListView.swift */,
				6A78E4C22AAA8F6F00D78D52 /* AddCategory.swift */,
				6A78E4C42AAA972D00D78D52 /* AddTodoView.swift */,
				6ACA9CD22AA1635D002A7D03 /* TodoDetailView.swift */,
				6ACA9CC42AA15B3C002A7D03 /* Item.swift */,
				6ACA9CC62AA15B40002A7D03 /* Assets.xcassets */,
				6ACA9CC82AA15B40002A7D03 /* Preview Content */,
			);
			path = "App03-TodoList";
			sourceTree = "<group>";
		};
		6ACA9CC82AA15B40002A7D03 /* Preview Content */ = {
			isa = PBXGroup;
			children = (
				6ACA9CC92AA15B40002A7D03 /* Preview Assets.xcassets */,
			);
			path = "Preview Content";
			sourceTree = "<group>";
		};
/* End PBXGroup section */

/* Begin PBXNativeTarget section */
		6ACA9CBC2AA15B3C002A7D03 /* App03-TodoList */ = {
			isa = PBXNativeTarget;
			buildConfigurationList = 6ACA9CCD2AA15B40002A7D03 /* Build configuration list for PBXNativeTarget "App03-TodoList" */;
			buildPhases = (
				6ACA9CB92AA15B3C002A7D03 /* Sources */,
				6ACA9CBA2AA15B3C002A7D03 /* Frameworks */,
				6ACA9CBB2AA15B3C002A7D03 /* Resources */,
			);
			buildRules = (
			);
			dependencies = (
			);
			name = "App03-TodoList";
			productName = "App03-TodoList";
			productReference = 6ACA9CBD2AA15B3C002A7D03 /* App03-TodoList.app */;
			productType = "com.apple.product-type.application";
		};
/* End PBXNativeTarget section */

/* Begin PBXProject section */
		6ACA9CB52AA15B3B002A7D03 /* Project object */ = {
			isa = PBXProject;
			attributes = {
				BuildIndependentTargetsInParallel = 1;
				LastSwiftUpdateCheck = 1500;
				LastUpgradeCheck = 1500;
				TargetAttributes = {
					6ACA9CBC2AA15B3C002A7D03 = {
						CreatedOnToolsVersion = 15.0;
					};
				};
			};
			buildConfigurationList = 6ACA9CB82AA15B3B002A7D03 /* Build configuration list for PBXProject "App03-TodoList" */;
			compatibilityVersion = "Xcode 14.0";
			developmentRegion = en;
			hasScannedForEncodings = 0;
			knownRegions = (
				en,
				Base,
			);
			mainGroup = 6ACA9CB42AA15B3B002A7D03;
			productRefGroup = 6ACA9CBE2AA15B3C002A7D03 /* Products */;
			projectDirPath = "";
			projectRoot = "";
			targets = (
				6ACA9CBC2AA15B3C002A7D03 /* App03-TodoList */,
			);
		};
/* End PBXProject section */

/* Begin PBXResourcesBuildPhase section */
		6ACA9CBB2AA15B3C002A7D03 /* Resources */ = {
			isa = PBXResourcesBuildPhase;
			buildActionMask = 2147483647;
			files = (
				6ACA9CCA2AA15B40002A7D03 /* Preview Assets.xcassets in Resources */,
				6ACA9CC72AA15B40002A7D03 /* Assets.xcassets in Resources */,
			);
			runOnlyForDeploymentPostprocessing = 0;
		};
/* End PBXResourcesBuildPhase section */

/* Begin PBXSourcesBuildPhase section */
		6ACA9CB92AA15B3C002A7D03 /* Sources */ = {
			isa = PBXSourcesBuildPhase;
			buildActionMask = 2147483647;
			files = (
				6ACA9CD32AA1635E002A7D03 /* TodoDetailView.swift in Sources */,
				6ACA9CC32AA15B3C002A7D03 /* ContentView.swift in Sources */,
				6ACA9CC52AA15B3C002A7D03 /* Item.swift in Sources */,
				6ACA9CC12AA15B3C002A7D03 /* App03_TodoListApp.swift in Sources */,
				6A78E4C52AAA972D00D78D52 /* AddTodoView.swift in Sources */,
				6A78E4BF2AAA83B600D78D52 /* TodoListView.swift in Sources */,
				6A78E4C32AAA8F6F00D78D52 /* AddCategory.swift in Sources */,
				6ACA9CD12AA15FD3002A7D03 /* Todo.swift in Sources */,
				6A78E4C12AAA85BD00D78D52 /* CategoryListView.swift in Sources */,
				6A80AEC82AAA81FA00E27D19 /* Category.swift in Sources */,
			);
			runOnlyForDeploymentPostprocessing = 0;
		};
/* End PBXSourcesBuildPhase section */

/* Begin XCBuildConfiguration section */
		6ACA9CCB2AA15B40002A7D03 /* Debug */ = {
			isa = XCBuildConfiguration;
			buildSettings = {
				ALWAYS_SEARCH_USER_PATHS = NO;
				ASSETCATALOG_COMPILER_GENERATE_SWIFT_ASSET_SYMBOL_EXTENSIONS = YES;
				CLANG_ANALYZER_NONNULL = YES;
				CLANG_ANALYZER_NUMBER_OBJECT_CONVERSION = YES_AGGRESSIVE;
				CLANG_CXX_LANGUAGE_STANDARD = "gnu++20";
				CLANG_ENABLE_MODULES = YES;
				CLANG_ENABLE_OBJC_ARC = YES;
				CLANG_ENABLE_OBJC_WEAK = YES;
				CLANG_WARN_BLOCK_CAPTURE_AUTORELEASING = YES;
				CLANG_WARN_BOOL_CONVERSION = YES;
				CLANG_WARN_COMMA = YES;
				CLANG_WARN_CONSTANT_CONVERSION = YES;
				CLANG_WARN_DEPRECATED_OBJC_IMPLEMENTATIONS = YES;
				CLANG_WARN_DIRECT_OBJC_ISA_USAGE = YES_ERROR;
				CLANG_WARN_DOCUMENTATION_COMMENTS = YES;
				CLANG_WARN_EMPTY_BODY = YES;
				CLANG_WARN_ENUM_CONVERSION = YES;
				CLANG_WARN_INFINITE_RECURSION = YES;
				CLANG_WARN_INT_CONVERSION = YES;
				CLANG_WARN_NON_LITERAL_NULL_CONVERSION = YES;
				CLANG_WARN_OBJC_IMPLICIT_RETAIN_SELF = YES;
				CLANG_WARN_OBJC_LITERAL_CONVERSION = YES;
				CLANG_WARN_OBJC_ROOT_CLASS = YES_ERROR;
				CLANG_WARN_QUOTED_INCLUDE_IN_FRAMEWORK_HEADER = YES;
				CLANG_WARN_RANGE_LOOP_ANALYSIS = YES;
				CLANG_WARN_STRICT_PROTOTYPES = YES;
				CLANG_WARN_SUSPICIOUS_MOVE = YES;
				CLANG_WARN_UNGUARDED_AVAILABILITY = YES_AGGRESSIVE;
				CLANG_WARN_UNREACHABLE_CODE = YES;
				CLANG_WARN__DUPLICATE_METHOD_MATCH = YES;
				COPY_PHASE_STRIP = NO;
				DEBUG_INFORMATION_FORMAT = dwarf;
				ENABLE_STRICT_OBJC_MSGSEND = YES;
				ENABLE_TESTABILITY = YES;
				ENABLE_USER_SCRIPT_SANDBOXING = YES;
				GCC_C_LANGUAGE_STANDARD = gnu17;
				GCC_DYNAMIC_NO_PIC = NO;
				GCC_NO_COMMON_BLOCKS = YES;
				GCC_OPTIMIZATION_LEVEL = 0;
				GCC_PREPROCESSOR_DEFINITIONS = (
					"DEBUG=1",
					"$(inherited)",
				);
				GCC_WARN_64_TO_32_BIT_CONVERSION = YES;
				GCC_WARN_ABOUT_RETURN_TYPE = YES_ERROR;
				GCC_WARN_UNDECLARED_SELECTOR = YES;
				GCC_WARN_UNINITIALIZED_AUTOS = YES_AGGRESSIVE;
				GCC_WARN_UNUSED_FUNCTION = YES;
				GCC_WARN_UNUSED_VARIABLE = YES;
				IPHONEOS_DEPLOYMENT_TARGET = 17.0;
				LOCALIZATION_PREFERS_STRING_CATALOGS = YES;
				MTL_ENABLE_DEBUG_INFO = INCLUDE_SOURCE;
				MTL_FAST_MATH = YES;
				ONLY_ACTIVE_ARCH = YES;
				SDKROOT = iphoneos;
				SWIFT_ACTIVE_COMPILATION_CONDITIONS = "DEBUG $(inherited)";
				SWIFT_OPTIMIZATION_LEVEL = "-Onone";
			};
			name = Debug;
		};
		6ACA9CCC2AA15B40002A7D03 /* Release */ = {
			isa = XCBuildConfiguration;
			buildSettings = {
				ALWAYS_SEARCH_USER_PATHS = NO;
				ASSETCATALOG_COMPILER_GENERATE_SWIFT_ASSET_SYMBOL_EXTENSIONS = YES;
				CLANG_ANALYZER_NONNULL = YES;
				CLANG_ANALYZER_NUMBER_OBJECT_CONVERSION = YES_AGGRESSIVE;
				CLANG_CXX_LANGUAGE_STANDARD = "gnu++20";
				CLANG_ENABLE_MODULES = YES;
				CLANG_ENABLE_OBJC_ARC = YES;
				CLANG_ENABLE_OBJC_WEAK = YES;
				CLANG_WARN_BLOCK_CAPTURE_AUTORELEASING = YES;
				CLANG_WARN_BOOL_CONVERSION = YES;
				CLANG_WARN_COMMA = YES;
				CLANG_WARN_CONSTANT_CONVERSION = YES;
				CLANG_WARN_DEPRECATED_OBJC_IMPLEMENTATIONS = YES;
				CLANG_WARN_DIRECT_OBJC_ISA_USAGE = YES_ERROR;
				CLANG_WARN_DOCUMENTATION_COMMENTS = YES;
				CLANG_WARN_EMPTY_BODY = YES;
				CLANG_WARN_ENUM_CONVERSION = YES;
				CLANG_WARN_INFINITE_RECURSION = YES;
				CLANG_WARN_INT_CONVERSION = YES;
				CLANG_WARN_NON_LITERAL_NULL_CONVERSION = YES;
				CLANG_WARN_OBJC_IMPLICIT_RETAIN_SELF = YES;
				CLANG_WARN_OBJC_LITERAL_CONVERSION = YES;
				CLANG_WARN_OBJC_ROOT_CLASS = YES_ERROR;
				CLANG_WARN_QUOTED_INCLUDE_IN_FRAMEWORK_HEADER = YES;
				CLANG_WARN_RANGE_LOOP_ANALYSIS = YES;
				CLANG_WARN_STRICT_PROTOTYPES = YES;
				CLANG_WARN_SUSPICIOUS_MOVE = YES;
				CLANG_WARN_UNGUARDED_AVAILABILITY = YES_AGGRESSIVE;
				CLANG_WARN_UNREACHABLE_CODE = YES;
				CLANG_WARN__DUPLICATE_METHOD_MATCH = YES;
				COPY_PHASE_STRIP = NO;
				DEBUG_INFORMATION_FORMAT = "dwarf-with-dsym";
				ENABLE_NS_ASSERTIONS = NO;
				ENABLE_STRICT_OBJC_MSGSEND = YES;
				ENABLE_USER_SCRIPT_SANDBOXING = YES;
				GCC_C_LANGUAGE_STANDARD = gnu17;
				GCC_NO_COMMON_BLOCKS = YES;
				GCC_WARN_64_TO_32_BIT_CONVERSION = YES;
				GCC_WARN_ABOUT_RETURN_TYPE = YES_ERROR;
				GCC_WARN_UNDECLARED_SELECTOR = YES;
				GCC_WARN_UNINITIALIZED_AUTOS = YES_AGGRESSIVE;
				GCC_WARN_UNUSED_FUNCTION = YES;
				GCC_WARN_UNUSED_VARIABLE = YES;
				IPHONEOS_DEPLOYMENT_TARGET = 17.0;
				LOCALIZATION_PREFERS_STRING_CATALOGS = YES;
				MTL_ENABLE_DEBUG_INFO = NO;
				MTL_FAST_MATH = YES;
				SDKROOT = iphoneos;
				SWIFT_COMPILATION_MODE = wholemodule;
				VALIDATE_PRODUCT = YES;
			};
			name = Release;
		};
		6ACA9CCE2AA15B40002A7D03 /* Debug */ = {
			isa = XCBuildConfiguration;
			buildSettings = {
				ASSETCATALOG_COMPILER_APPICON_NAME = AppIcon;
				ASSETCATALOG_COMPILER_GLOBAL_ACCENT_COLOR_NAME = AccentColor;
				CODE_SIGN_STYLE = Automatic;
				CURRENT_PROJECT_VERSION = 1;
				DEVELOPMENT_ASSET_PATHS = "\"App03-TodoList/Preview Content\"";
				DEVELOPMENT_TEAM = 9DR9AR76VW;
				ENABLE_PREVIEWS = YES;
				GENERATE_INFOPLIST_FILE = YES;
				INFOPLIST_KEY_UIApplicationSceneManifest_Generation = YES;
				INFOPLIST_KEY_UIApplicationSupportsIndirectInputEvents = YES;
				INFOPLIST_KEY_UILaunchScreen_Generation = YES;
				INFOPLIST_KEY_UISupportedInterfaceOrientations_iPad = "UIInterfaceOrientationPortrait UIInterfaceOrientationPortraitUpsideDown UIInterfaceOrientationLandscapeLeft UIInterfaceOrientationLandscapeRight";
				INFOPLIST_KEY_UISupportedInterfaceOrientations_iPhone = "UIInterfaceOrientationPortrait UIInterfaceOrientationLandscapeLeft UIInterfaceOrientationLandscapeRight";
				LD_RUNPATH_SEARCH_PATHS = (
					"$(inherited)",
					"@executable_path/Frameworks",
				);
				MARKETING_VERSION = 1.0;
				PRODUCT_BUNDLE_IDENTIFIER = "mx.tec.App03-TodoList";
				PRODUCT_NAME = "$(TARGET_NAME)";
				SWIFT_EMIT_LOC_STRINGS = YES;
				SWIFT_VERSION = 5.0;
				TARGETED_DEVICE_FAMILY = "1,2";
			};
			name = Debug;
		};
		6ACA9CCF2AA15B40002A7D03 /* Release */ = {
			isa = XCBuildConfiguration;
			buildSettings = {
				ASSETCATALOG_COMPILER_APPICON_NAME = AppIcon;
				ASSETCATALOG_COMPILER_GLOBAL_ACCENT_COLOR_NAME = AccentColor;
				CODE_SIGN_STYLE = Automatic;
				CURRENT_PROJECT_VERSION = 1;
				DEVELOPMENT_ASSET_PATHS = "\"App03-TodoList/Preview Content\"";
				DEVELOPMENT_TEAM = 9DR9AR76VW;
				ENABLE_PREVIEWS = YES;
				GENERATE_INFOPLIST_FILE = YES;
				INFOPLIST_KEY_UIApplicationSceneManifest_Generation = YES;
				INFOPLIST_KEY_UIApplicationSupportsIndirectInputEvents = YES;
				INFOPLIST_KEY_UILaunchScreen_Generation = YES;
				INFOPLIST_KEY_UISupportedInterfaceOrientations_iPad = "UIInterfaceOrientationPortrait UIInterfaceOrientationPortraitUpsideDown UIInterfaceOrientationLandscapeLeft UIInterfaceOrientationLandscapeRight";
				INFOPLIST_KEY_UISupportedInterfaceOrientations_iPhone = "UIInterfaceOrientationPortrait UIInterfaceOrientationLandscapeLeft UIInterfaceOrientationLandscapeRight";
				LD_RUNPATH_SEARCH_PATHS = (
					"$(inherited)",
					"@executable_path/Frameworks",
				);
				MARKETING_VERSION = 1.0;
				PRODUCT_BUNDLE_IDENTIFIER = "mx.tec.App03-TodoList";
				PRODUCT_NAME = "$(TARGET_NAME)";
				SWIFT_EMIT_LOC_STRINGS = YES;
				SWIFT_VERSION = 5.0;
				TARGETED_DEVICE_FAMILY = "1,2";
			};
			name = Release;
		};
/* End XCBuildConfiguration section */

/* Begin XCConfigurationList section */
		6ACA9CB82AA15B3B002A7D03 /* Build configuration list for PBXProject "App03-TodoList" */ = {
			isa = XCConfigurationList;
			buildConfigurations = (
				6ACA9CCB2AA15B40002A7D03 /* Debug */,
				6ACA9CCC2AA15B40002A7D03 /* Release */,
			);
			defaultConfigurationIsVisible = 0;
			defaultConfigurationName = Release;
		};
		6ACA9CCD2AA15B40002A7D03 /* Build configuration list for PBXNativeTarget "App03-TodoList" */ = {
			isa = XCConfigurationList;
			buildConfigurations = (
				6ACA9CCE2AA15B40002A7D03 /* Debug */,
				6ACA9CCF2AA15B40002A7D03 /* Release */,
			);
			defaultConfigurationIsVisible = 0;
			defaultConfigurationName = Release;
		};
/* End XCConfigurationList section */
	};
	rootObject = 6ACA9CB52AA15B3B002A7D03 /* Project object */;
}
