// !$*UTF8*$!
{
	archiveVersion = 1;
	classes = {
	};
	objectVersion = 56;
	objects = {

/* Begin PBXBuildFile section */
		6A0DD4AF2A81AC8B003C8FEF /* App01_MyProfileApp.swift in Sources */ = {isa = PBXBuildFile; fileRef = 6A0DD4AE2A81AC8B003C8FEF /* App01_MyProfileApp.swift */; };
		6A0DD4B12A81AC8B003C8FEF /* ContentView.swift in Sources */ = {isa = PBXBuildFile; fileRef = 6A0DD4B02A81AC8B003C8FEF /* ContentView.swift */; };
		6A0DD4B32A81AC8D003C8FEF /* Assets.xcassets in Resources */ = {isa = PBXBuildFile; fileRef = 6A0DD4B22A81AC8D003C8FEF /* Assets.xcassets */; };
		6A0DD4B72A81AC8D003C8FEF /* Preview Assets.xcassets in Resources */ = {isa = PBXBuildFile; fileRef = 6A0DD4B62A81AC8D003C8FEF /* Preview Assets.xcassets */; };
		6A0DD4C12A81AC8E003C8FEF /* App01_MyProfileTests.swift in Sources */ = {isa = PBXBuildFile; fileRef = 6A0DD4C02A81AC8E003C8FEF /* App01_MyProfileTests.swift */; };
		6A0DD4CB2A81AC8E003C8FEF /* App01_MyProfileUITests.swift in Sources */ = {isa = PBXBuildFile; fileRef = 6A0DD4CA2A81AC8E003C8FEF /* App01_MyProfileUITests.swift */; };
		6A0DD4CD2A81AC8E003C8FEF /* App01_MyProfileUITestsLaunchTests.swift in Sources */ = {isa = PBXBuildFile; fileRef = 6A0DD4CC2A81AC8E003C8FEF /* App01_MyProfileUITestsLaunchTests.swift */; };
		6A0DD4DA2A81AE24003C8FEF /* LayoutView.swift in Sources */ = {isa = PBXBuildFile; fileRef = 6A0DD4D92A81AE24003C8FEF /* LayoutView.swift */; };
		6A5BFC532A8AD9CA00E975D7 /* DetailView.swift in Sources */ = {isa = PBXBuildFile; fileRef = 6A5BFC522A8AD9CA00E975D7 /* DetailView.swift */; };
		6A5BFC552A8ECFA300E975D7 /* ListView.swift in Sources */ = {isa = PBXBuildFile; fileRef = 6A5BFC542A8ECFA300E975D7 /* ListView.swift */; };
		6A5BFC572A8ED16200E975D7 /* Movie.swift in Sources */ = {isa = PBXBuildFile; fileRef = 6A5BFC562A8ED16200E975D7 /* Movie.swift */; };
		6A5BFC592A8ED42800E975D7 /* MovieView.swift in Sources */ = {isa = PBXBuildFile; fileRef = 6A5BFC582A8ED42800E975D7 /* MovieView.swift */; };
		6A7A1BD12A85AA3600E45F1B /* ProfileView.swift in Sources */ = {isa = PBXBuildFile; fileRef = 6A7A1BD02A85AA3600E45F1B /* ProfileView.swift */; };
		6A7A1BD42A85B4B400E45F1B /* Handlee-Regular.ttf in Resources */ = {isa = PBXBuildFile; fileRef = 6A7A1BD32A85B4B400E45F1B /* Handlee-Regular.ttf */; };
		6A7A1BD72A85BA6200E45F1B /* ImageView.swift in Sources */ = {isa = PBXBuildFile; fileRef = 6A7A1BD62A85BA6200E45F1B /* ImageView.swift */; };
/* End PBXBuildFile section */

/* Begin PBXContainerItemProxy section */
		6A0DD4BD2A81AC8E003C8FEF /* PBXContainerItemProxy */ = {
			isa = PBXContainerItemProxy;
			containerPortal = 6A0DD4A32A81AC8B003C8FEF /* Project object */;
			proxyType = 1;
			remoteGlobalIDString = 6A0DD4AA2A81AC8B003C8FEF;
			remoteInfo = App01_MyProfile;
		};
		6A0DD4C72A81AC8E003C8FEF /* PBXContainerItemProxy */ = {
			isa = PBXContainerItemProxy;
			containerPortal = 6A0DD4A32A81AC8B003C8FEF /* Project object */;
			proxyType = 1;
			remoteGlobalIDString = 6A0DD4AA2A81AC8B003C8FEF;
			remoteInfo = App01_MyProfile;
		};
/* End PBXContainerItemProxy section */

/* Begin PBXFileReference section */
		6A0DD4AB2A81AC8B003C8FEF /* App01_MyProfile.app */ = {isa = PBXFileReference; explicitFileType = wrapper.application; includeInIndex = 0; path = App01_MyProfile.app; sourceTree = BUILT_PRODUCTS_DIR; };
		6A0DD4AE2A81AC8B003C8FEF /* App01_MyProfileApp.swift */ = {isa = PBXFileReference; lastKnownFileType = sourcecode.swift; path = App01_MyProfileApp.swift; sourceTree = "<group>"; };
		6A0DD4B02A81AC8B003C8FEF /* ContentView.swift */ = {isa = PBXFileReference; lastKnownFileType = sourcecode.swift; path = ContentView.swift; sourceTree = "<group>"; };
		6A0DD4B22A81AC8D003C8FEF /* Assets.xcassets */ = {isa = PBXFileReference; lastKnownFileType = folder.assetcatalog; path = Assets.xcassets; sourceTree = "<group>"; };
		6A0DD4B42A81AC8D003C8FEF /* App01_MyProfile.entitlements */ = {isa = PBXFileReference; lastKnownFileType = text.plist.entitlements; path = App01_MyProfile.entitlements; sourceTree = "<group>"; };
		6A0DD4B62A81AC8D003C8FEF /* Preview Assets.xcassets */ = {isa = PBXFileReference; lastKnownFileType = folder.assetcatalog; path = "Preview Assets.xcassets"; sourceTree = "<group>"; };
		6A0DD4BC2A81AC8E003C8FEF /* App01_MyProfileTests.xctest */ = {isa = PBXFileReference; explicitFileType = wrapper.cfbundle; includeInIndex = 0; path = App01_MyProfileTests.xctest; sourceTree = BUILT_PRODUCTS_DIR; };
		6A0DD4C02A81AC8E003C8FEF /* App01_MyProfileTests.swift */ = {isa = PBXFileReference; lastKnownFileType = sourcecode.swift; path = App01_MyProfileTests.swift; sourceTree = "<group>"; };
		6A0DD4C62A81AC8E003C8FEF /* App01_MyProfileUITests.xctest */ = {isa = PBXFileReference; explicitFileType = wrapper.cfbundle; includeInIndex = 0; path = App01_MyProfileUITests.xctest; sourceTree = BUILT_PRODUCTS_DIR; };
		6A0DD4CA2A81AC8E003C8FEF /* App01_MyProfileUITests.swift */ = {isa = PBXFileReference; lastKnownFileType = sourcecode.swift; path = App01_MyProfileUITests.swift; sourceTree = "<group>"; };
		6A0DD4CC2A81AC8E003C8FEF /* App01_MyProfileUITestsLaunchTests.swift */ = {isa = PBXFileReference; lastKnownFileType = sourcecode.swift; path = App01_MyProfileUITestsLaunchTests.swift; sourceTree = "<group>"; };
		6A0DD4D92A81AE24003C8FEF /* LayoutView.swift */ = {isa = PBXFileReference; lastKnownFileType = sourcecode.swift; path = LayoutView.swift; sourceTree = "<group>"; };
		6A5BFC522A8AD9CA00E975D7 /* DetailView.swift */ = {isa = PBXFileReference; lastKnownFileType = sourcecode.swift; path = DetailView.swift; sourceTree = "<group>"; };
		6A5BFC542A8ECFA300E975D7 /* ListView.swift */ = {isa = PBXFileReference; lastKnownFileType = sourcecode.swift; path = ListView.swift; sourceTree = "<group>"; };
		6A5BFC562A8ED16200E975D7 /* Movie.swift */ = {isa = PBXFileReference; lastKnownFileType = sourcecode.swift; path = Movie.swift; sourceTree = "<group>"; };
		6A5BFC582A8ED42800E975D7 /* MovieView.swift */ = {isa = PBXFileReference; lastKnownFileType = sourcecode.swift; path = MovieView.swift; sourceTree = "<group>"; };
		6A7A1BD02A85AA3600E45F1B /* ProfileView.swift */ = {isa = PBXFileReference; lastKnownFileType = sourcecode.swift; path = ProfileView.swift; sourceTree = "<group>"; };
		6A7A1BD32A85B4B400E45F1B /* Handlee-Regular.ttf */ = {isa = PBXFileReference; lastKnownFileType = file; path = "Handlee-Regular.ttf"; sourceTree = "<group>"; };
		6A7A1BD52A85B52700E45F1B /* App01-MyProfile-Info.plist */ = {isa = PBXFileReference; lastKnownFileType = text.plist; path = "App01-MyProfile-Info.plist"; sourceTree = SOURCE_ROOT; };
		6A7A1BD62A85BA6200E45F1B /* ImageView.swift */ = {isa = PBXFileReference; lastKnownFileType = sourcecode.swift; path = ImageView.swift; sourceTree = "<group>"; };
/* End PBXFileReference section */

/* Begin PBXFrameworksBuildPhase section */
		6A0DD4A82A81AC8B003C8FEF /* Frameworks */ = {
			isa = PBXFrameworksBuildPhase;
			buildActionMask = 2147483647;
			files = (
			);
			runOnlyForDeploymentPostprocessing = 0;
		};
		6A0DD4B92A81AC8E003C8FEF /* Frameworks */ = {
			isa = PBXFrameworksBuildPhase;
			buildActionMask = 2147483647;
			files = (
			);
			runOnlyForDeploymentPostprocessing = 0;
		};
		6A0DD4C32A81AC8E003C8FEF /* Frameworks */ = {
			isa = PBXFrameworksBuildPhase;
			buildActionMask = 2147483647;
			files = (
			);
			runOnlyForDeploymentPostprocessing = 0;
		};
/* End PBXFrameworksBuildPhase section */

/* Begin PBXGroup section */
		6A0DD4A22A81AC8B003C8FEF = {
			isa = PBXGroup;
			children = (
				6A5BFC562A8ED16200E975D7 /* Movie.swift */,
				6A5BFC582A8ED42800E975D7 /* MovieView.swift */,
				6A0DD4AD2A81AC8B003C8FEF /* App01_MyProfile */,
				6A0DD4BF2A81AC8E003C8FEF /* App01_MyProfileTests */,
				6A0DD4C92A81AC8E003C8FEF /* App01_MyProfileUITests */,
				6A0DD4AC2A81AC8B003C8FEF /* Products */,
			);
			sourceTree = "<group>";
		};
		6A0DD4AC2A81AC8B003C8FEF /* Products */ = {
			isa = PBXGroup;
			children = (
				6A0DD4AB2A81AC8B003C8FEF /* App01_MyProfile.app */,
				6A0DD4BC2A81AC8E003C8FEF /* App01_MyProfileTests.xctest */,
				6A0DD4C62A81AC8E003C8FEF /* App01_MyProfileUITests.xctest */,
			);
			name = Products;
			sourceTree = "<group>";
		};
		6A0DD4AD2A81AC8B003C8FEF /* App01_MyProfile */ = {
			isa = PBXGroup;
			children = (
				6A7A1BD52A85B52700E45F1B /* App01-MyProfile-Info.plist */,
				6A7A1BD22A85B43800E45F1B /* Fonts */,
				6A0DD4AE2A81AC8B003C8FEF /* App01_MyProfileApp.swift */,
				6A0DD4B02A81AC8B003C8FEF /* ContentView.swift */,
				6A5BFC542A8ECFA300E975D7 /* ListView.swift */,
				6A0DD4D92A81AE24003C8FEF /* LayoutView.swift */,
				6A7A1BD02A85AA3600E45F1B /* ProfileView.swift */,
				6A5BFC522A8AD9CA00E975D7 /* DetailView.swift */,
				6A7A1BD62A85BA6200E45F1B /* ImageView.swift */,
				6A0DD4B22A81AC8D003C8FEF /* Assets.xcassets */,
				6A0DD4B42A81AC8D003C8FEF /* App01_MyProfile.entitlements */,
				6A0DD4B52A81AC8D003C8FEF /* Preview Content */,
			);
			path = App01_MyProfile;
			sourceTree = "<group>";
		};
		6A0DD4B52A81AC8D003C8FEF /* Preview Content */ = {
			isa = PBXGroup;
			children = (
				6A0DD4B62A81AC8D003C8FEF /* Preview Assets.xcassets */,
			);
			path = "Preview Content";
			sourceTree = "<group>";
		};
		6A0DD4BF2A81AC8E003C8FEF /* App01_MyProfileTests */ = {
			isa = PBXGroup;
			children = (
				6A0DD4C02A81AC8E003C8FEF /* App01_MyProfileTests.swift */,
			);
			path = App01_MyProfileTests;
			sourceTree = "<group>";
		};
		6A0DD4C92A81AC8E003C8FEF /* App01_MyProfileUITests */ = {
			isa = PBXGroup;
			children = (
				6A0DD4CA2A81AC8E003C8FEF /* App01_MyProfileUITests.swift */,
				6A0DD4CC2A81AC8E003C8FEF /* App01_MyProfileUITestsLaunchTests.swift */,
			);
			path = App01_MyProfileUITests;
			sourceTree = "<group>";
		};
		6A7A1BD22A85B43800E45F1B /* Fonts */ = {
			isa = PBXGroup;
			children = (
				6A7A1BD32A85B4B400E45F1B /* Handlee-Regular.ttf */,
			);
			path = Fonts;
			sourceTree = "<group>";
		};
/* End PBXGroup section */

/* Begin PBXNativeTarget section */
		6A0DD4AA2A81AC8B003C8FEF /* App01_MyProfile */ = {
			isa = PBXNativeTarget;
			buildConfigurationList = 6A0DD4D02A81AC8E003C8FEF /* Build configuration list for PBXNativeTarget "App01_MyProfile" */;
			buildPhases = (
				6A0DD4A72A81AC8B003C8FEF /* Sources */,
				6A0DD4A82A81AC8B003C8FEF /* Frameworks */,
				6A0DD4A92A81AC8B003C8FEF /* Resources */,
			);
			buildRules = (
			);
			dependencies = (
			);
			name = App01_MyProfile;
			productName = App01_MyProfile;
			productReference = 6A0DD4AB2A81AC8B003C8FEF /* App01_MyProfile.app */;
			productType = "com.apple.product-type.application";
		};
		6A0DD4BB2A81AC8E003C8FEF /* App01_MyProfileTests */ = {
			isa = PBXNativeTarget;
			buildConfigurationList = 6A0DD4D32A81AC8E003C8FEF /* Build configuration list for PBXNativeTarget "App01_MyProfileTests" */;
			buildPhases = (
				6A0DD4B82A81AC8E003C8FEF /* Sources */,
				6A0DD4B92A81AC8E003C8FEF /* Frameworks */,
				6A0DD4BA2A81AC8E003C8FEF /* Resources */,
			);
			buildRules = (
			);
			dependencies = (
				6A0DD4BE2A81AC8E003C8FEF /* PBXTargetDependency */,
			);
			name = App01_MyProfileTests;
			productName = App01_MyProfileTests;
			productReference = 6A0DD4BC2A81AC8E003C8FEF /* App01_MyProfileTests.xctest */;
			productType = "com.apple.product-type.bundle.unit-test";
		};
		6A0DD4C52A81AC8E003C8FEF /* App01_MyProfileUITests */ = {
			isa = PBXNativeTarget;
			buildConfigurationList = 6A0DD4D62A81AC8E003C8FEF /* Build configuration list for PBXNativeTarget "App01_MyProfileUITests" */;
			buildPhases = (
				6A0DD4C22A81AC8E003C8FEF /* Sources */,
				6A0DD4C32A81AC8E003C8FEF /* Frameworks */,
				6A0DD4C42A81AC8E003C8FEF /* Resources */,
			);
			buildRules = (
			);
			dependencies = (
				6A0DD4C82A81AC8E003C8FEF /* PBXTargetDependency */,
			);
			name = App01_MyProfileUITests;
			productName = App01_MyProfileUITests;
			productReference = 6A0DD4C62A81AC8E003C8FEF /* App01_MyProfileUITests.xctest */;
			productType = "com.apple.product-type.bundle.ui-testing";
		};
/* End PBXNativeTarget section */

/* Begin PBXProject section */
		6A0DD4A32A81AC8B003C8FEF /* Project object */ = {
			isa = PBXProject;
			attributes = {
				BuildIndependentTargetsInParallel = 1;
				LastSwiftUpdateCheck = 1500;
				LastUpgradeCheck = 1500;
				TargetAttributes = {
					6A0DD4AA2A81AC8B003C8FEF = {
						CreatedOnToolsVersion = 15.0;
					};
					6A0DD4BB2A81AC8E003C8FEF = {
						CreatedOnToolsVersion = 15.0;
						TestTargetID = 6A0DD4AA2A81AC8B003C8FEF;
					};
					6A0DD4C52A81AC8E003C8FEF = {
						CreatedOnToolsVersion = 15.0;
						TestTargetID = 6A0DD4AA2A81AC8B003C8FEF;
					};
				};
			};
			buildConfigurationList = 6A0DD4A62A81AC8B003C8FEF /* Build configuration list for PBXProject "App01_MyProfile" */;
			compatibilityVersion = "Xcode 14.0";
			developmentRegion = en;
			hasScannedForEncodings = 0;
			knownRegions = (
				en,
				Base,
			);
			mainGroup = 6A0DD4A22A81AC8B003C8FEF;
			productRefGroup = 6A0DD4AC2A81AC8B003C8FEF /* Products */;
			projectDirPath = "";
			projectRoot = "";
			targets = (
				6A0DD4AA2A81AC8B003C8FEF /* App01_MyProfile */,
				6A0DD4BB2A81AC8E003C8FEF /* App01_MyProfileTests */,
				6A0DD4C52A81AC8E003C8FEF /* App01_MyProfileUITests */,
			);
		};
/* End PBXProject section */

/* Begin PBXResourcesBuildPhase section */
		6A0DD4A92A81AC8B003C8FEF /* Resources */ = {
			isa = PBXResourcesBuildPhase;
			buildActionMask = 2147483647;
			files = (
				6A0DD4B72A81AC8D003C8FEF /* Preview Assets.xcassets in Resources */,
				6A7A1BD42A85B4B400E45F1B /* Handlee-Regular.ttf in Resources */,
				6A0DD4B32A81AC8D003C8FEF /* Assets.xcassets in Resources */,
			);
			runOnlyForDeploymentPostprocessing = 0;
		};
		6A0DD4BA2A81AC8E003C8FEF /* Resources */ = {
			isa = PBXResourcesBuildPhase;
			buildActionMask = 2147483647;
			files = (
			);
			runOnlyForDeploymentPostprocessing = 0;
		};
		6A0DD4C42A81AC8E003C8FEF /* Resources */ = {
			isa = PBXResourcesBuildPhase;
			buildActionMask = 2147483647;
			files = (
			);
			runOnlyForDeploymentPostprocessing = 0;
		};
/* End PBXResourcesBuildPhase section */

/* Begin PBXSourcesBuildPhase section */
		6A0DD4A72A81AC8B003C8FEF /* Sources */ = {
			isa = PBXSourcesBuildPhase;
			buildActionMask = 2147483647;
			files = (
				6A7A1BD72A85BA6200E45F1B /* ImageView.swift in Sources */,
				6A5BFC532A8AD9CA00E975D7 /* DetailView.swift in Sources */,
				6A7A1BD12A85AA3600E45F1B /* ProfileView.swift in Sources */,
				6A5BFC552A8ECFA300E975D7 /* ListView.swift in Sources */,
				6A5BFC592A8ED42800E975D7 /* MovieView.swift in Sources */,
				6A0DD4B12A81AC8B003C8FEF /* ContentView.swift in Sources */,
				6A0DD4AF2A81AC8B003C8FEF /* App01_MyProfileApp.swift in Sources */,
				6A5BFC572A8ED16200E975D7 /* Movie.swift in Sources */,
				6A0DD4DA2A81AE24003C8FEF /* LayoutView.swift in Sources */,
			);
			runOnlyForDeploymentPostprocessing = 0;
		};
		6A0DD4B82A81AC8E003C8FEF /* Sources */ = {
			isa = PBXSourcesBuildPhase;
			buildActionMask = 2147483647;
			files = (
				6A0DD4C12A81AC8E003C8FEF /* App01_MyProfileTests.swift in Sources */,
			);
			runOnlyForDeploymentPostprocessing = 0;
		};
		6A0DD4C22A81AC8E003C8FEF /* Sources */ = {
			isa = PBXSourcesBuildPhase;
			buildActionMask = 2147483647;
			files = (
				6A0DD4CB2A81AC8E003C8FEF /* App01_MyProfileUITests.swift in Sources */,
				6A0DD4CD2A81AC8E003C8FEF /* App01_MyProfileUITestsLaunchTests.swift in Sources */,
			);
			runOnlyForDeploymentPostprocessing = 0;
		};
/* End PBXSourcesBuildPhase section */

/* Begin PBXTargetDependency section */
		6A0DD4BE2A81AC8E003C8FEF /* PBXTargetDependency */ = {
			isa = PBXTargetDependency;
			target = 6A0DD4AA2A81AC8B003C8FEF /* App01_MyProfile */;
			targetProxy = 6A0DD4BD2A81AC8E003C8FEF /* PBXContainerItemProxy */;
		};
		6A0DD4C82A81AC8E003C8FEF /* PBXTargetDependency */ = {
			isa = PBXTargetDependency;
			target = 6A0DD4AA2A81AC8B003C8FEF /* App01_MyProfile */;
			targetProxy = 6A0DD4C72A81AC8E003C8FEF /* PBXContainerItemProxy */;
		};
/* End PBXTargetDependency section */

/* Begin XCBuildConfiguration section */
		6A0DD4CE2A81AC8E003C8FEF /* Debug */ = {
			isa = XCBuildConfiguration;
			buildSettings = {
				ALWAYS_SEARCH_USER_PATHS = NO;
				ASSETCATALOG_COMPILER_GENERATE_SWIFT_ASSET_SYMBOL_EXTENSIONS = YES;
				CLANG_ANALYZER_NONNULL = YES;
				CLANG_ANALYZER_NUMBER_OBJECT_CONVERSION = YES_AGGRESSIVE;
				CLANG_CXX_LANGUAGE_STANDARD = "gnu++20";
				CLANG_ENABLE_MODULES = YES;
				CLANG_ENABLE_OBJC_ARC = YES;
				CLANG_ENABLE_OBJC_WEAK = YES;
				CLANG_WARN_BLOCK_CAPTURE_AUTORELEASING = YES;
				CLANG_WARN_BOOL_CONVERSION = YES;
				CLANG_WARN_COMMA = YES;
				CLANG_WARN_CONSTANT_CONVERSION = YES;
				CLANG_WARN_DEPRECATED_OBJC_IMPLEMENTATIONS = YES;
				CLANG_WARN_DIRECT_OBJC_ISA_USAGE = YES_ERROR;
				CLANG_WARN_DOCUMENTATION_COMMENTS = YES;
				CLANG_WARN_EMPTY_BODY = YES;
				CLANG_WARN_ENUM_CONVERSION = YES;
				CLANG_WARN_INFINITE_RECURSION = YES;
				CLANG_WARN_INT_CONVERSION = YES;
				CLANG_WARN_NON_LITERAL_NULL_CONVERSION = YES;
				CLANG_WARN_OBJC_IMPLICIT_RETAIN_SELF = YES;
				CLANG_WARN_OBJC_LITERAL_CONVERSION = YES;
				CLANG_WARN_OBJC_ROOT_CLASS = YES_ERROR;
				CLANG_WARN_QUOTED_INCLUDE_IN_FRAMEWORK_HEADER = YES;
				CLANG_WARN_RANGE_LOOP_ANALYSIS = YES;
				CLANG_WARN_STRICT_PROTOTYPES = YES;
				CLANG_WARN_SUSPICIOUS_MOVE = YES;
				CLANG_WARN_UNGUARDED_AVAILABILITY = YES_AGGRESSIVE;
				CLANG_WARN_UNREACHABLE_CODE = YES;
				CLANG_WARN__DUPLICATE_METHOD_MATCH = YES;
				COPY_PHASE_STRIP = NO;
				DEBUG_INFORMATION_FORMAT = dwarf;
				ENABLE_STRICT_OBJC_MSGSEND = YES;
				ENABLE_TESTABILITY = YES;
				ENABLE_USER_SCRIPT_SANDBOXING = YES;
				GCC_C_LANGUAGE_STANDARD = gnu17;
				GCC_DYNAMIC_NO_PIC = NO;
				GCC_NO_COMMON_BLOCKS = YES;
				GCC_OPTIMIZATION_LEVEL = 0;
				GCC_PREPROCESSOR_DEFINITIONS = (
					"DEBUG=1",
					"$(inherited)",
				);
				GCC_WARN_64_TO_32_BIT_CONVERSION = YES;
				GCC_WARN_ABOUT_RETURN_TYPE = YES_ERROR;
				GCC_WARN_UNDECLARED_SELECTOR = YES;
				GCC_WARN_UNINITIALIZED_AUTOS = YES_AGGRESSIVE;
				GCC_WARN_UNUSED_FUNCTION = YES;
				GCC_WARN_UNUSED_VARIABLE = YES;
				LOCALIZATION_PREFERS_STRING_CATALOGS = YES;
				MTL_ENABLE_DEBUG_INFO = INCLUDE_SOURCE;
				MTL_FAST_MATH = YES;
				ONLY_ACTIVE_ARCH = YES;
				SWIFT_ACTIVE_COMPILATION_CONDITIONS = "DEBUG $(inherited)";
				SWIFT_OPTIMIZATION_LEVEL = "-Onone";
			};
			name = Debug;
		};
		6A0DD4CF2A81AC8E003C8FEF /* Release */ = {
			isa = XCBuildConfiguration;
			buildSettings = {
				ALWAYS_SEARCH_USER_PATHS = NO;
				ASSETCATALOG_COMPILER_GENERATE_SWIFT_ASSET_SYMBOL_EXTENSIONS = YES;
				CLANG_ANALYZER_NONNULL = YES;
				CLANG_ANALYZER_NUMBER_OBJECT_CONVERSION = YES_AGGRESSIVE;
				CLANG_CXX_LANGUAGE_STANDARD = "gnu++20";
				CLANG_ENABLE_MODULES = YES;
				CLANG_ENABLE_OBJC_ARC = YES;
				CLANG_ENABLE_OBJC_WEAK = YES;
				CLANG_WARN_BLOCK_CAPTURE_AUTORELEASING = YES;
				CLANG_WARN_BOOL_CONVERSION = YES;
				CLANG_WARN_COMMA = YES;
				CLANG_WARN_CONSTANT_CONVERSION = YES;
				CLANG_WARN_DEPRECATED_OBJC_IMPLEMENTATIONS = YES;
				CLANG_WARN_DIRECT_OBJC_ISA_USAGE = YES_ERROR;
				CLANG_WARN_DOCUMENTATION_COMMENTS = YES;
				CLANG_WARN_EMPTY_BODY = YES;
				CLANG_WARN_ENUM_CONVERSION = YES;
				CLANG_WARN_INFINITE_RECURSION = YES;
				CLANG_WARN_INT_CONVERSION = YES;
				CLANG_WARN_NON_LITERAL_NULL_CONVERSION = YES;
				CLANG_WARN_OBJC_IMPLICIT_RETAIN_SELF = YES;
				CLANG_WARN_OBJC_LITERAL_CONVERSION = YES;
				CLANG_WARN_OBJC_ROOT_CLASS = YES_ERROR;
				CLANG_WARN_QUOTED_INCLUDE_IN_FRAMEWORK_HEADER = YES;
				CLANG_WARN_RANGE_LOOP_ANALYSIS = YES;
				CLANG_WARN_STRICT_PROTOTYPES = YES;
				CLANG_WARN_SUSPICIOUS_MOVE = YES;
				CLANG_WARN_UNGUARDED_AVAILABILITY = YES_AGGRESSIVE;
				CLANG_WARN_UNREACHABLE_CODE = YES;
				CLANG_WARN__DUPLICATE_METHOD_MATCH = YES;
				COPY_PHASE_STRIP = NO;
				DEBUG_INFORMATION_FORMAT = "dwarf-with-dsym";
				ENABLE_NS_ASSERTIONS = NO;
				ENABLE_STRICT_OBJC_MSGSEND = YES;
				ENABLE_USER_SCRIPT_SANDBOXING = YES;
				GCC_C_LANGUAGE_STANDARD = gnu17;
				GCC_NO_COMMON_BLOCKS = YES;
				GCC_WARN_64_TO_32_BIT_CONVERSION = YES;
				GCC_WARN_ABOUT_RETURN_TYPE = YES_ERROR;
				GCC_WARN_UNDECLARED_SELECTOR = YES;
				GCC_WARN_UNINITIALIZED_AUTOS = YES_AGGRESSIVE;
				GCC_WARN_UNUSED_FUNCTION = YES;
				GCC_WARN_UNUSED_VARIABLE = YES;
				LOCALIZATION_PREFERS_STRING_CATALOGS = YES;
				MTL_ENABLE_DEBUG_INFO = NO;
				MTL_FAST_MATH = YES;
				SWIFT_COMPILATION_MODE = wholemodule;
			};
			name = Release;
		};
		6A0DD4D12A81AC8E003C8FEF /* Debug */ = {
			isa = XCBuildConfiguration;
			buildSettings = {
				ASSETCATALOG_COMPILER_APPICON_NAME = AppIcon;
				ASSETCATALOG_COMPILER_GLOBAL_ACCENT_COLOR_NAME = AccentColor;
				CODE_SIGN_ENTITLEMENTS = App01_MyProfile/App01_MyProfile.entitlements;
				CODE_SIGN_STYLE = Automatic;
				CURRENT_PROJECT_VERSION = 1;
				DEVELOPMENT_ASSET_PATHS = "\"App01_MyProfile/Preview Content\"";
				DEVELOPMENT_TEAM = 9DR9AR76VW;
				ENABLE_HARDENED_RUNTIME = YES;
				ENABLE_PREVIEWS = YES;
				GENERATE_INFOPLIST_FILE = YES;
				INFOPLIST_FILE = "App01-MyProfile-Info.plist";
				"INFOPLIST_KEY_UIApplicationSceneManifest_Generation[sdk=iphoneos*]" = YES;
				"INFOPLIST_KEY_UIApplicationSceneManifest_Generation[sdk=iphonesimulator*]" = YES;
				"INFOPLIST_KEY_UIApplicationSupportsIndirectInputEvents[sdk=iphoneos*]" = YES;
				"INFOPLIST_KEY_UIApplicationSupportsIndirectInputEvents[sdk=iphonesimulator*]" = YES;
				"INFOPLIST_KEY_UILaunchScreen_Generation[sdk=iphoneos*]" = YES;
				"INFOPLIST_KEY_UILaunchScreen_Generation[sdk=iphonesimulator*]" = YES;
				"INFOPLIST_KEY_UIStatusBarStyle[sdk=iphoneos*]" = UIStatusBarStyleDefault;
				"INFOPLIST_KEY_UIStatusBarStyle[sdk=iphonesimulator*]" = UIStatusBarStyleDefault;
				INFOPLIST_KEY_UISupportedInterfaceOrientations_iPad = "UIInterfaceOrientationPortrait UIInterfaceOrientationPortraitUpsideDown UIInterfaceOrientationLandscapeLeft UIInterfaceOrientationLandscapeRight";
				INFOPLIST_KEY_UISupportedInterfaceOrientations_iPhone = "UIInterfaceOrientationPortrait UIInterfaceOrientationLandscapeLeft UIInterfaceOrientationLandscapeRight";
				IPHONEOS_DEPLOYMENT_TARGET = 17.0;
				LD_RUNPATH_SEARCH_PATHS = "@executable_path/Frameworks";
				"LD_RUNPATH_SEARCH_PATHS[sdk=macosx*]" = "@executable_path/../Frameworks";
				MACOSX_DEPLOYMENT_TARGET = 13.5;
				MARKETING_VERSION = 1.0;
				PRODUCT_BUNDLE_IDENTIFIER = "mx.tec.App01-MyProfile";
				PRODUCT_NAME = "$(TARGET_NAME)";
				SDKROOT = auto;
				SUPPORTED_PLATFORMS = "iphoneos iphonesimulator macosx";
				SWIFT_EMIT_LOC_STRINGS = YES;
				SWIFT_VERSION = 5.0;
				TARGETED_DEVICE_FAMILY = "1,2";
			};
			name = Debug;
		};
		6A0DD4D22A81AC8E003C8FEF /* Release */ = {
			isa = XCBuildConfiguration;
			buildSettings = {
				ASSETCATALOG_COMPILER_APPICON_NAME = AppIcon;
				ASSETCATALOG_COMPILER_GLOBAL_ACCENT_COLOR_NAME = AccentColor;
				CODE_SIGN_ENTITLEMENTS = App01_MyProfile/App01_MyProfile.entitlements;
				CODE_SIGN_STYLE = Automatic;
				CURRENT_PROJECT_VERSION = 1;
				DEVELOPMENT_ASSET_PATHS = "\"App01_MyProfile/Preview Content\"";
				DEVELOPMENT_TEAM = 9DR9AR76VW;
				ENABLE_HARDENED_RUNTIME = YES;
				ENABLE_PREVIEWS = YES;
				GENERATE_INFOPLIST_FILE = YES;
				INFOPLIST_FILE = "App01-MyProfile-Info.plist";
				"INFOPLIST_KEY_UIApplicationSceneManifest_Generation[sdk=iphoneos*]" = YES;
				"INFOPLIST_KEY_UIApplicationSceneManifest_Generation[sdk=iphonesimulator*]" = YES;
				"INFOPLIST_KEY_UIApplicationSupportsIndirectInputEvents[sdk=iphoneos*]" = YES;
				"INFOPLIST_KEY_UIApplicationSupportsIndirectInputEvents[sdk=iphonesimulator*]" = YES;
				"INFOPLIST_KEY_UILaunchScreen_Generation[sdk=iphoneos*]" = YES;
				"INFOPLIST_KEY_UILaunchScreen_Generation[sdk=iphonesimulator*]" = YES;
				"INFOPLIST_KEY_UIStatusBarStyle[sdk=iphoneos*]" = UIStatusBarStyleDefault;
				"INFOPLIST_KEY_UIStatusBarStyle[sdk=iphonesimulator*]" = UIStatusBarStyleDefault;
				INFOPLIST_KEY_UISupportedInterfaceOrientations_iPad = "UIInterfaceOrientationPortrait UIInterfaceOrientationPortraitUpsideDown UIInterfaceOrientationLandscapeLeft UIInterfaceOrientationLandscapeRight";
				INFOPLIST_KEY_UISupportedInterfaceOrientations_iPhone = "UIInterfaceOrientationPortrait UIInterfaceOrientationLandscapeLeft UIInterfaceOrientationLandscapeRight";
				IPHONEOS_DEPLOYMENT_TARGET = 17.0;
				LD_RUNPATH_SEARCH_PATHS = "@executable_path/Frameworks";
				"LD_RUNPATH_SEARCH_PATHS[sdk=macosx*]" = "@executable_path/../Frameworks";
				MACOSX_DEPLOYMENT_TARGET = 13.5;
				MARKETING_VERSION = 1.0;
				PRODUCT_BUNDLE_IDENTIFIER = "mx.tec.App01-MyProfile";
				PRODUCT_NAME = "$(TARGET_NAME)";
				SDKROOT = auto;
				SUPPORTED_PLATFORMS = "iphoneos iphonesimulator macosx";
				SWIFT_EMIT_LOC_STRINGS = YES;
				SWIFT_VERSION = 5.0;
				TARGETED_DEVICE_FAMILY = "1,2";
			};
			name = Release;
		};
		6A0DD4D42A81AC8E003C8FEF /* Debug */ = {
			isa = XCBuildConfiguration;
			buildSettings = {
				ALWAYS_EMBED_SWIFT_STANDARD_LIBRARIES = YES;
				BUNDLE_LOADER = "$(TEST_HOST)";
				CODE_SIGN_STYLE = Automatic;
				CURRENT_PROJECT_VERSION = 1;
				DEVELOPMENT_TEAM = 9DR9AR76VW;
				GENERATE_INFOPLIST_FILE = YES;
				IPHONEOS_DEPLOYMENT_TARGET = 17.0;
				MACOSX_DEPLOYMENT_TARGET = 13.5;
				MARKETING_VERSION = 1.0;
				PRODUCT_BUNDLE_IDENTIFIER = "mx.tec.App01-MyProfileTests";
				PRODUCT_NAME = "$(TARGET_NAME)";
				SDKROOT = auto;
				SUPPORTED_PLATFORMS = "iphoneos iphonesimulator macosx";
				SWIFT_EMIT_LOC_STRINGS = NO;
				SWIFT_VERSION = 5.0;
				TARGETED_DEVICE_FAMILY = "1,2";
				TEST_HOST = "$(BUILT_PRODUCTS_DIR)/App01_MyProfile.app/$(BUNDLE_EXECUTABLE_FOLDER_PATH)/App01_MyProfile";
			};
			name = Debug;
		};
		6A0DD4D52A81AC8E003C8FEF /* Release */ = {
			isa = XCBuildConfiguration;
			buildSettings = {
				ALWAYS_EMBED_SWIFT_STANDARD_LIBRARIES = YES;
				BUNDLE_LOADER = "$(TEST_HOST)";
				CODE_SIGN_STYLE = Automatic;
				CURRENT_PROJECT_VERSION = 1;
				DEVELOPMENT_TEAM = 9DR9AR76VW;
				GENERATE_INFOPLIST_FILE = YES;
				IPHONEOS_DEPLOYMENT_TARGET = 17.0;
				MACOSX_DEPLOYMENT_TARGET = 13.5;
				MARKETING_VERSION = 1.0;
				PRODUCT_BUNDLE_IDENTIFIER = "mx.tec.App01-MyProfileTests";
				PRODUCT_NAME = "$(TARGET_NAME)";
				SDKROOT = auto;
				SUPPORTED_PLATFORMS = "iphoneos iphonesimulator macosx";
				SWIFT_EMIT_LOC_STRINGS = NO;
				SWIFT_VERSION = 5.0;
				TARGETED_DEVICE_FAMILY = "1,2";
				TEST_HOST = "$(BUILT_PRODUCTS_DIR)/App01_MyProfile.app/$(BUNDLE_EXECUTABLE_FOLDER_PATH)/App01_MyProfile";
			};
			name = Release;
		};
		6A0DD4D72A81AC8E003C8FEF /* Debug */ = {
			isa = XCBuildConfiguration;
			buildSettings = {
				ALWAYS_EMBED_SWIFT_STANDARD_LIBRARIES = YES;
				CODE_SIGN_STYLE = Automatic;
				CURRENT_PROJECT_VERSION = 1;
				DEVELOPMENT_TEAM = 9DR9AR76VW;
				GENERATE_INFOPLIST_FILE = YES;
				IPHONEOS_DEPLOYMENT_TARGET = 17.0;
				MACOSX_DEPLOYMENT_TARGET = 13.5;
				MARKETING_VERSION = 1.0;
				PRODUCT_BUNDLE_IDENTIFIER = "mx.tec.App01-MyProfileUITests";
				PRODUCT_NAME = "$(TARGET_NAME)";
				SDKROOT = auto;
				SUPPORTED_PLATFORMS = "iphoneos iphonesimulator macosx";
				SWIFT_EMIT_LOC_STRINGS = NO;
				SWIFT_VERSION = 5.0;
				TARGETED_DEVICE_FAMILY = "1,2";
				TEST_TARGET_NAME = App01_MyProfile;
			};
			name = Debug;
		};
		6A0DD4D82A81AC8E003C8FEF /* Release */ = {
			isa = XCBuildConfiguration;
			buildSettings = {
				ALWAYS_EMBED_SWIFT_STANDARD_LIBRARIES = YES;
				CODE_SIGN_STYLE = Automatic;
				CURRENT_PROJECT_VERSION = 1;
				DEVELOPMENT_TEAM = 9DR9AR76VW;
				GENERATE_INFOPLIST_FILE = YES;
				IPHONEOS_DEPLOYMENT_TARGET = 17.0;
				MACOSX_DEPLOYMENT_TARGET = 13.5;
				MARKETING_VERSION = 1.0;
				PRODUCT_BUNDLE_IDENTIFIER = "mx.tec.App01-MyProfileUITests";
				PRODUCT_NAME = "$(TARGET_NAME)";
				SDKROOT = auto;
				SUPPORTED_PLATFORMS = "iphoneos iphonesimulator macosx";
				SWIFT_EMIT_LOC_STRINGS = NO;
				SWIFT_VERSION = 5.0;
				TARGETED_DEVICE_FAMILY = "1,2";
				TEST_TARGET_NAME = App01_MyProfile;
			};
			name = Release;
		};
/* End XCBuildConfiguration section */

/* Begin XCConfigurationList section */
		6A0DD4A62A81AC8B003C8FEF /* Build configuration list for PBXProject "App01_MyProfile" */ = {
			isa = XCConfigurationList;
			buildConfigurations = (
				6A0DD4CE2A81AC8E003C8FEF /* Debug */,
				6A0DD4CF2A81AC8E003C8FEF /* Release */,
			);
			defaultConfigurationIsVisible = 0;
			defaultConfigurationName = Release;
		};
		6A0DD4D02A81AC8E003C8FEF /* Build configuration list for PBXNativeTarget "App01_MyProfile" */ = {
			isa = XCConfigurationList;
			buildConfigurations = (
				6A0DD4D12A81AC8E003C8FEF /* Debug */,
				6A0DD4D22A81AC8E003C8FEF /* Release */,
			);
			defaultConfigurationIsVisible = 0;
			defaultConfigurationName = Release;
		};
		6A0DD4D32A81AC8E003C8FEF /* Build configuration list for PBXNativeTarget "App01_MyProfileTests" */ = {
			isa = XCConfigurationList;
			buildConfigurations = (
				6A0DD4D42A81AC8E003C8FEF /* Debug */,
				6A0DD4D52A81AC8E003C8FEF /* Release */,
			);
			defaultConfigurationIsVisible = 0;
			defaultConfigurationName = Release;
		};
		6A0DD4D62A81AC8E003C8FEF /* Build configuration list for PBXNativeTarget "App01_MyProfileUITests" */ = {
			isa = XCConfigurationList;
			buildConfigurations = (
				6A0DD4D72A81AC8E003C8FEF /* Debug */,
				6A0DD4D82A81AC8E003C8FEF /* Release */,
			);
			defaultConfigurationIsVisible = 0;
			defaultConfigurationName = Release;
		};
/* End XCConfigurationList section */
	};
	rootObject = 6A0DD4A32A81AC8B003C8FEF /* Project object */;
}
